
Microsoft Visual Studio Solution File, Format Version 12.00
# Visual Studio 15
VisualStudioVersion = 15.0.28307.757
MinimumVisualStudioVersion = 10.0.40219.1
Project("{9A19103F-16F7-4668-BE54-9A1E7A4F7556}") = "Personas.CommandStack", "Personas\Personas.CommandStack.csproj", "{2533E35C-D2A8-40C1-BF37-825631EF7422}"
EndProject
Project("{9A19103F-16F7-4668-BE54-9A1E7A4F7556}") = "SharedElements", "SharedElements\SharedElements.csproj", "{ADB319DD-95AB-4DAF-B2B1-F8CF3FD11725}"
EndProject
Project("{FAE04EC0-301F-11D3-BF4B-00C04F79EFBC}") = "Personas.API", "Personas.API\Personas.API.csproj", "{9B021C79-8739-4656-9935-A99308BE97DE}"
EndProject
Project("{9A19103F-16F7-4668-BE54-9A1E7A4F7556}") = "MementoFX.Persistence.SqlServer", "MementoFX.Persistence.SqlServer\MementoFX.Persistence.SqlServer.csproj", "{0CC3BF26-2313-4664-968F-CA7BE7C4D059}"
EndProject
Global
	GlobalSection(SolutionConfigurationPlatforms) = preSolution
		Debug|Any CPU = Debug|Any CPU
		Release|Any CPU = Release|Any CPU
	EndGlobalSection
	GlobalSection(ProjectConfigurationPlatforms) = postSolution
		{2533E35C-D2A8-40C1-BF37-825631EF7422}.Debug|Any CPU.ActiveCfg = Debug|Any CPU
		{2533E35C-D2A8-40C1-BF37-825631EF7422}.Debug|Any CPU.Build.0 = Debug|Any CPU
		{2533E35C-D2A8-40C1-BF37-825631EF7422}.Release|Any CPU.ActiveCfg = Release|Any CPU
		{2533E35C-D2A8-40C1-BF37-825631EF7422}.Release|Any CPU.Build.0 = Release|Any CPU
		{ADB319DD-95AB-4DAF-B2B1-F8CF3FD11725}.Debug|Any CPU.ActiveCfg = Debug|Any CPU
		{ADB319DD-95AB-4DAF-B2B1-F8CF3FD11725}.Debug|Any CPU.Build.0 = Debug|Any CPU
		{ADB319DD-95AB-4DAF-B2B1-F8CF3FD11725}.Release|Any CPU.ActiveCfg = Release|Any CPU
		{ADB319DD-95AB-4DAF-B2B1-F8CF3FD11725}.Release|Any CPU.Build.0 = Release|Any CPU
		{9B021C79-8739-4656-9935-A99308BE97DE}.Debug|Any CPU.ActiveCfg = Debug|Any CPU
		{9B021C79-8739-4656-9935-A99308BE97DE}.Debug|Any CPU.Build.0 = Debug|Any CPU
		{9B021C79-8739-4656-9935-A99308BE97DE}.Release|Any CPU.ActiveCfg = Release|Any CPU
		{9B021C79-8739-4656-9935-A99308BE97DE}.Release|Any CPU.Build.0 = Release|Any CPU
		{0CC3BF26-2313-4664-968F-CA7BE7C4D059}.Debug|Any CPU.ActiveCfg = Debug|Any CPU
		{0CC3BF26-2313-4664-968F-CA7BE7C4D059}.Debug|Any CPU.Build.0 = Debug|Any CPU
		{0CC3BF26-2313-4664-968F-CA7BE7C4D059}.Release|Any CPU.ActiveCfg = Release|Any CPU
		{0CC3BF26-2313-4664-968F-CA7BE7C4D059}.Release|Any CPU.Build.0 = Release|Any CPU
	EndGlobalSection
	GlobalSection(SolutionProperties) = preSolution
		HideSolutionNode = FALSE
	EndGlobalSection
	GlobalSection(ExtensibilityGlobals) = postSolution
		SolutionGuid = {6DA957C0-2AE0-4907-A136-9A07E70B3ECA}
	EndGlobalSection
EndGlobal
